
Microsoft Visual Studio Solution File, Format Version 12.00
# Visual Studio Version 16
VisualStudioVersion = 16.0.29806.167
MinimumVisualStudioVersion = 10.0.40219.1
Project("{FAE04EC0-301F-11D3-BF4B-00C04F79EFBC}") = "Acme Accounting System", "Acme Accounting System\Acme Accounting System.csproj", "{54C237A7-CB6F-4D81-8024-AFD34869801F}"
EndProject
Global
	GlobalSection(SolutionConfigurationPlatforms) = preSolution
		Debug|Any CPU = Debug|Any CPU
		Release|Any CPU = Release|Any CPU
	EndGlobalSection
	GlobalSection(ProjectConfigurationPlatforms) = postSolution
		{54C237A7-CB6F-4D81-8024-AFD34869801F}.Debug|Any CPU.ActiveCfg = Debug|Any CPU
		{54C237A7-CB6F-4D81-8024-AFD34869801F}.Debug|Any CPU.Build.0 = Debug|Any CPU
		{54C237A7-CB6F-4D81-8024-AFD34869801F}.Release|Any CPU.ActiveCfg = Release|Any CPU
		{54C237A7-CB6F-4D81-8024-AFD34869801F}.Release|Any CPU.Build.0 = Release|Any CPU
	EndGlobalSection
	GlobalSection(SolutionProperties) = preSolution
		HideSolutionNode = FALSE
	EndGlobalSection
	GlobalSection(ExtensibilityGlobals) = postSolution
		SolutionGuid = {63A59BAB-9F60-4F41-B521-0C1C09AC0CC6}
	EndGlobalSection
EndGlobal
